{
  "name": "yuvalhahatich",
  "version": "1.0.0",
  "lockfileVersion": 2,
  "requires": true,
  "packages": {
    "": {
      "name": "yuvalhahatich",
      "version": "1.0.0",
      "license": "ISC",
      "dependencies": {
        "node-sql-parser": "^4.0.8"
      }
    },
    "node_modules/big-integer": {
      "version": "1.6.51",
      "resolved": "https://msazure.pkgs.visualstudio.com/_packaging/AzurePortal/npm/registry/big-integer/-/big-integer-1.6.51.tgz",
      "integrity": "sha1-DfkqXZiAVg0/8tX9ICRciJ0TBoY=",
      "license": "Unlicense",
      "engines": {
        "node": ">=0.6"
      }
    },
    "node_modules/node-sql-parser": {
      "version": "4.0.8",
      "resolved": "https://msazure.pkgs.visualstudio.com/_packaging/AzurePortal/npm/registry/node-sql-parser/-/node-sql-parser-4.0.8.tgz",
      "integrity": "sha1-JyVn9jt9S9qEA8YMNVLZg4NuiUM=",
      "license": "GPLv2",
      "dependencies": {
        "big-integer": "^1.6.48"
      },
      "engines": {
        "node": ">=8"
      }
    }
  },
  "dependencies": {
    "big-integer": {
      "version": "1.6.51",
      "resolved": "https://msazure.pkgs.visualstudio.com/_packaging/AzurePortal/npm/registry/big-integer/-/big-integer-1.6.51.tgz",
      "integrity": "sha1-DfkqXZiAVg0/8tX9ICRciJ0TBoY="
    },
    "node-sql-parser": {
      "version": "4.0.8",
      "resolved": "https://msazure.pkgs.visualstudio.com/_packaging/AzurePortal/npm/registry/node-sql-parser/-/node-sql-parser-4.0.8.tgz",
      "integrity": "sha1-JyVn9jt9S9qEA8YMNVLZg4NuiUM=",
      "requires": {
        "big-integer": "^1.6.48"
      }
    }
  }
}
